{
  "lockfileVersion": 1,
  "workspaces": {
    "": {
      "dependencies": {
        "@wailsio/runtime": "^3.0.0-alpha.79",
      },
    },
  },
  "packages": {
    "@wailsio/runtime": ["@wailsio/runtime@3.0.0-alpha.79", "", {}, "sha512-NITzxKmJsMEruc39L166lbPJVECxzcbdqpHVqOOF7Cu/7Zqk/e3B/gNpkUjhNyo5rVb3V1wpS8oEgLUmpu1cwA=="],
  }
}
